
Microsoft Visual Studio Solution File, Format Version 12.00
# Visual Studio Version 17
VisualStudioVersion = 17.14.36109.1 d17.14
MinimumVisualStudioVersion = 10.0.40219.1
Project("{FAE04EC0-301F-11D3-BF4B-00C04F79EFBC}") = "Voluta", "Voluta\Voluta.csproj", "{5711044B-3EC5-43DF-BB88-0C41080BA31A}"
EndProject
Global
	GlobalSection(SolutionConfigurationPlatforms) = preSolution
		Debug|Any CPU = Debug|Any CPU
		Release|Any CPU = Release|Any CPU
	EndGlobalSection
	GlobalSection(ProjectConfigurationPlatforms) = postSolution
		{5711044B-3EC5-43DF-BB88-0C41080BA31A}.Debug|Any CPU.ActiveCfg = Debug|Any CPU
		{5711044B-3EC5-43DF-BB88-0C41080BA31A}.Debug|Any CPU.Build.0 = Debug|Any CPU
		{5711044B-3EC5-43DF-BB88-0C41080BA31A}.Release|Any CPU.ActiveCfg = Release|Any CPU
		{5711044B-3EC5-43DF-BB88-0C41080BA31A}.Release|Any CPU.Build.0 = Release|Any CPU
	EndGlobalSection
	GlobalSection(SolutionProperties) = preSolution
		HideSolutionNode = FALSE
	EndGlobalSection
	GlobalSection(ExtensibilityGlobals) = postSolution
		SolutionGuid = {70DEB175-A319-42DE-A4A3-E99B7D9FE69C}
	EndGlobalSection
EndGlobal
